
Microsoft Visual Studio Solution File, Format Version 12.00
# Visual Studio Version 16
VisualStudioVersion = 16.0.30114.105
MinimumVisualStudioVersion = 10.0.40219.1
Project("{2150E333-8FDC-42A3-9474-1A3956D46DE8}") = "src", "src", "{40DD868B-E796-4638-9AC7-9A801F5C0C90}"
EndProject
Project("{2150E333-8FDC-42A3-9474-1A3956D46DE8}") = "Core", "Core", "{D8E54753-0DC4-4C0A-86C2-FEC84AC521F2}"
EndProject
Project("{FAE04EC0-301F-11D3-BF4B-00C04F79EFBC}") = "Domain", "src\Core\Domain\Domain.csproj", "{2AB0DB07-B1AF-4E17-8259-9AC05808349D}"
EndProject
Project("{FAE04EC0-301F-11D3-BF4B-00C04F79EFBC}") = "Api", "src\Api\Api.csproj", "{59931237-F5EA-4E8E-8362-FD151C2AD8A7}"
EndProject
Project("{FAE04EC0-301F-11D3-BF4B-00C04F79EFBC}") = "Service", "src\Core\Service\Service.csproj", "{E35D75AB-0B5A-4635-A56E-7A181E2C55FF}"
EndProject
Project("{FAE04EC0-301F-11D3-BF4B-00C04F79EFBC}") = "Service.Validation", "src\Core\Service.Validation\Service.Validation.csproj", "{BCC8050E-ED2F-411F-8D74-AAF3A2F24619}"
EndProject
Project("{FAE04EC0-301F-11D3-BF4B-00C04F79EFBC}") = "Infrastructure", "src\Infrastructure\Infrastructure.csproj", "{7AC00C88-97DA-42F7-B6C5-393024BC7254}"
EndProject
Project("{FAE04EC0-301F-11D3-BF4B-00C04F79EFBC}") = "Integration", "src\Integration\Integration.csproj", "{FA68F388-E399-4602-8554-D73E10BE5D5D}"
EndProject
Project("{2150E333-8FDC-42A3-9474-1A3956D46DE8}") = "test", "test", "{062ED68D-4190-4F5E-9B62-21A2BB2014D2}"
EndProject
Project("{2150E333-8FDC-42A3-9474-1A3956D46DE8}") = "Core", "Core", "{84F566B4-4E9D-48D7-BD09-31DC87205FCA}"
EndProject
Project("{FAE04EC0-301F-11D3-BF4B-00C04F79EFBC}") = "UnitTest.Service", "test\Core\UnitTest.Service\UnitTest.Service.csproj", "{634169FB-C844-4432-B829-F880E73DBB45}"
EndProject
Project("{2150E333-8FDC-42A3-9474-1A3956D46DE8}") = "Infraestructure", "Infraestructure", "{C13692D7-8ED8-4407-B6D1-23CB6FDE9628}"
EndProject
Project("{FAE04EC0-301F-11D3-BF4B-00C04F79EFBC}") = "UnitTest.Infrastructure", "test\Infraestructure\UnitTest.Infrastructure\UnitTest.Infrastructure.csproj", "{7A857755-D1CC-462B-8E61-AF6FB73E62FD}"
EndProject
Project("{FAE04EC0-301F-11D3-BF4B-00C04F79EFBC}") = "UnitTest.ServiceValidation", "test\Core\UnitTest.ServiceValidation\UnitTest.ServiceValidation.csproj", "{AB3BEECA-0C7D-4EA2-90C1-E50DCFF3A840}"
EndProject
Global
	GlobalSection(SolutionConfigurationPlatforms) = preSolution
		Debug|Any CPU = Debug|Any CPU
		Release|Any CPU = Release|Any CPU
	EndGlobalSection
	GlobalSection(SolutionProperties) = preSolution
		HideSolutionNode = FALSE
	EndGlobalSection
	GlobalSection(ProjectConfigurationPlatforms) = postSolution
		{2AB0DB07-B1AF-4E17-8259-9AC05808349D}.Debug|Any CPU.ActiveCfg = Debug|Any CPU
		{2AB0DB07-B1AF-4E17-8259-9AC05808349D}.Debug|Any CPU.Build.0 = Debug|Any CPU
		{2AB0DB07-B1AF-4E17-8259-9AC05808349D}.Release|Any CPU.ActiveCfg = Release|Any CPU
		{2AB0DB07-B1AF-4E17-8259-9AC05808349D}.Release|Any CPU.Build.0 = Release|Any CPU
		{59931237-F5EA-4E8E-8362-FD151C2AD8A7}.Debug|Any CPU.ActiveCfg = Debug|Any CPU
		{59931237-F5EA-4E8E-8362-FD151C2AD8A7}.Debug|Any CPU.Build.0 = Debug|Any CPU
		{59931237-F5EA-4E8E-8362-FD151C2AD8A7}.Release|Any CPU.ActiveCfg = Release|Any CPU
		{59931237-F5EA-4E8E-8362-FD151C2AD8A7}.Release|Any CPU.Build.0 = Release|Any CPU
		{E35D75AB-0B5A-4635-A56E-7A181E2C55FF}.Debug|Any CPU.ActiveCfg = Debug|Any CPU
		{E35D75AB-0B5A-4635-A56E-7A181E2C55FF}.Debug|Any CPU.Build.0 = Debug|Any CPU
		{E35D75AB-0B5A-4635-A56E-7A181E2C55FF}.Release|Any CPU.ActiveCfg = Release|Any CPU
		{E35D75AB-0B5A-4635-A56E-7A181E2C55FF}.Release|Any CPU.Build.0 = Release|Any CPU
		{BCC8050E-ED2F-411F-8D74-AAF3A2F24619}.Debug|Any CPU.ActiveCfg = Debug|Any CPU
		{BCC8050E-ED2F-411F-8D74-AAF3A2F24619}.Debug|Any CPU.Build.0 = Debug|Any CPU
		{BCC8050E-ED2F-411F-8D74-AAF3A2F24619}.Release|Any CPU.ActiveCfg = Release|Any CPU
		{BCC8050E-ED2F-411F-8D74-AAF3A2F24619}.Release|Any CPU.Build.0 = Release|Any CPU
		{7AC00C88-97DA-42F7-B6C5-393024BC7254}.Debug|Any CPU.ActiveCfg = Debug|Any CPU
		{7AC00C88-97DA-42F7-B6C5-393024BC7254}.Debug|Any CPU.Build.0 = Debug|Any CPU
		{7AC00C88-97DA-42F7-B6C5-393024BC7254}.Release|Any CPU.ActiveCfg = Release|Any CPU
		{7AC00C88-97DA-42F7-B6C5-393024BC7254}.Release|Any CPU.Build.0 = Release|Any CPU
		{FA68F388-E399-4602-8554-D73E10BE5D5D}.Debug|Any CPU.ActiveCfg = Debug|Any CPU
		{FA68F388-E399-4602-8554-D73E10BE5D5D}.Debug|Any CPU.Build.0 = Debug|Any CPU
		{FA68F388-E399-4602-8554-D73E10BE5D5D}.Release|Any CPU.ActiveCfg = Release|Any CPU
		{FA68F388-E399-4602-8554-D73E10BE5D5D}.Release|Any CPU.Build.0 = Release|Any CPU
		{634169FB-C844-4432-B829-F880E73DBB45}.Debug|Any CPU.ActiveCfg = Debug|Any CPU
		{634169FB-C844-4432-B829-F880E73DBB45}.Debug|Any CPU.Build.0 = Debug|Any CPU
		{634169FB-C844-4432-B829-F880E73DBB45}.Release|Any CPU.ActiveCfg = Release|Any CPU
		{634169FB-C844-4432-B829-F880E73DBB45}.Release|Any CPU.Build.0 = Release|Any CPU
		{7A857755-D1CC-462B-8E61-AF6FB73E62FD}.Debug|Any CPU.ActiveCfg = Debug|Any CPU
		{7A857755-D1CC-462B-8E61-AF6FB73E62FD}.Debug|Any CPU.Build.0 = Debug|Any CPU
		{7A857755-D1CC-462B-8E61-AF6FB73E62FD}.Release|Any CPU.ActiveCfg = Release|Any CPU
		{7A857755-D1CC-462B-8E61-AF6FB73E62FD}.Release|Any CPU.Build.0 = Release|Any CPU
		{AB3BEECA-0C7D-4EA2-90C1-E50DCFF3A840}.Debug|Any CPU.ActiveCfg = Debug|Any CPU
		{AB3BEECA-0C7D-4EA2-90C1-E50DCFF3A840}.Debug|Any CPU.Build.0 = Debug|Any CPU
		{AB3BEECA-0C7D-4EA2-90C1-E50DCFF3A840}.Release|Any CPU.ActiveCfg = Release|Any CPU
		{AB3BEECA-0C7D-4EA2-90C1-E50DCFF3A840}.Release|Any CPU.Build.0 = Release|Any CPU
	EndGlobalSection
	GlobalSection(NestedProjects) = preSolution
		{D8E54753-0DC4-4C0A-86C2-FEC84AC521F2} = {40DD868B-E796-4638-9AC7-9A801F5C0C90}
		{2AB0DB07-B1AF-4E17-8259-9AC05808349D} = {D8E54753-0DC4-4C0A-86C2-FEC84AC521F2}
		{59931237-F5EA-4E8E-8362-FD151C2AD8A7} = {40DD868B-E796-4638-9AC7-9A801F5C0C90}
		{E35D75AB-0B5A-4635-A56E-7A181E2C55FF} = {D8E54753-0DC4-4C0A-86C2-FEC84AC521F2}
		{BCC8050E-ED2F-411F-8D74-AAF3A2F24619} = {D8E54753-0DC4-4C0A-86C2-FEC84AC521F2}
		{7AC00C88-97DA-42F7-B6C5-393024BC7254} = {40DD868B-E796-4638-9AC7-9A801F5C0C90}
		{FA68F388-E399-4602-8554-D73E10BE5D5D} = {40DD868B-E796-4638-9AC7-9A801F5C0C90}
		{84F566B4-4E9D-48D7-BD09-31DC87205FCA} = {062ED68D-4190-4F5E-9B62-21A2BB2014D2}
		{634169FB-C844-4432-B829-F880E73DBB45} = {84F566B4-4E9D-48D7-BD09-31DC87205FCA}
		{C13692D7-8ED8-4407-B6D1-23CB6FDE9628} = {062ED68D-4190-4F5E-9B62-21A2BB2014D2}
		{7A857755-D1CC-462B-8E61-AF6FB73E62FD} = {C13692D7-8ED8-4407-B6D1-23CB6FDE9628}
		{AB3BEECA-0C7D-4EA2-90C1-E50DCFF3A840} = {84F566B4-4E9D-48D7-BD09-31DC87205FCA}
	EndGlobalSection
EndGlobal
